// !$*UTF8*$!
{
	archiveVersion = 1;
	classes = {
	};
	objectVersion = 56;
	objects = {

/* Begin PBXBuildFile section */
		2FB91A732CA5200300DC2A1D /* SpokenBudgetApp.swift in Sources */ = {isa = PBXBuildFile; fileRef = 2FB91A722CA5200300DC2A1D /* SpokenBudgetApp.swift */; };
		2FB91A752CA5200300DC2A1D /* ContentView.swift in Sources */ = {isa = PBXBuildFile; fileRef = 2FB91A742CA5200300DC2A1D /* ContentView.swift */; };
		2FB91A772CA5200400DC2A1D /* Assets.xcassets in Resources */ = {isa = PBXBuildFile; fileRef = 2FB91A762CA5200400DC2A1D /* Assets.xcassets */; };
		2FB91A7A2CA5200400DC2A1D /* Preview Assets.xcassets in Resources */ = {isa = PBXBuildFile; fileRef = 2FB91A792CA5200400DC2A1D /* Preview Assets.xcassets */; };
		2FB91A842CA5200400DC2A1D /* SpokenBudgetTests.swift in Sources */ = {isa = PBXBuildFile; fileRef = 2FB91A832CA5200400DC2A1D /* SpokenBudgetTests.swift */; };
		2FB91A8E2CA5200400DC2A1D /* SpokenBudgetUITests.swift in Sources */ = {isa = PBXBuildFile; fileRef = 2FB91A8D2CA5200400DC2A1D /* SpokenBudgetUITests.swift */; };
		2FB91A902CA5200400DC2A1D /* SpokenBudgetUITestsLaunchTests.swift in Sources */ = {isa = PBXBuildFile; fileRef = 2FB91A8F2CA5200400DC2A1D /* SpokenBudgetUITestsLaunchTests.swift */; };
/* End PBXBuildFile section */

/* Begin PBXContainerItemProxy section */
		2FB91A802CA5200400DC2A1D /* PBXContainerItemProxy */ = {
			isa = PBXContainerItemProxy;
			containerPortal = 2FB91A672CA5200300DC2A1D /* Project object */;
			proxyType = 1;
			remoteGlobalIDString = 2FB91A6E2CA5200300DC2A1D;
			remoteInfo = SpokenBudget;
		};
		2FB91A8A2CA5200400DC2A1D /* PBXContainerItemProxy */ = {
			isa = PBXContainerItemProxy;
			containerPortal = 2FB91A672CA5200300DC2A1D /* Project object */;
			proxyType = 1;
			remoteGlobalIDString = 2FB91A6E2CA5200300DC2A1D;
			remoteInfo = SpokenBudget;
		};
/* End PBXContainerItemProxy section */

/* Begin PBXFileReference section */
		2FB91A6F2CA5200300DC2A1D /* SpokenBudget.app */ = {isa = PBXFileReference; explicitFileType = wrapper.application; includeInIndex = 0; path = SpokenBudget.app; sourceTree = BUILT_PRODUCTS_DIR; };
		2FB91A722CA5200300DC2A1D /* SpokenBudgetApp.swift */ = {isa = PBXFileReference; lastKnownFileType = sourcecode.swift; path = SpokenBudgetApp.swift; sourceTree = "<group>"; };
		2FB91A742CA5200300DC2A1D /* ContentView.swift */ = {isa = PBXFileReference; lastKnownFileType = sourcecode.swift; path = ContentView.swift; sourceTree = "<group>"; };
		2FB91A762CA5200400DC2A1D /* Assets.xcassets */ = {isa = PBXFileReference; lastKnownFileType = folder.assetcatalog; path = Assets.xcassets; sourceTree = "<group>"; };
		2FB91A792CA5200400DC2A1D /* Preview Assets.xcassets */ = {isa = PBXFileReference; lastKnownFileType = folder.assetcatalog; path = "Preview Assets.xcassets"; sourceTree = "<group>"; };
		2FB91A7F2CA5200400DC2A1D /* SpokenBudgetTests.xctest */ = {isa = PBXFileReference; explicitFileType = wrapper.cfbundle; includeInIndex = 0; path = SpokenBudgetTests.xctest; sourceTree = BUILT_PRODUCTS_DIR; };
		2FB91A832CA5200400DC2A1D /* SpokenBudgetTests.swift */ = {isa = PBXFileReference; lastKnownFileType = sourcecode.swift; path = SpokenBudgetTests.swift; sourceTree = "<group>"; };
		2FB91A892CA5200400DC2A1D /* SpokenBudgetUITests.xctest */ = {isa = PBXFileReference; explicitFileType = wrapper.cfbundle; includeInIndex = 0; path = SpokenBudgetUITests.xctest; sourceTree = BUILT_PRODUCTS_DIR; };
		2FB91A8D2CA5200400DC2A1D /* SpokenBudgetUITests.swift */ = {isa = PBXFileReference; lastKnownFileType = sourcecode.swift; path = SpokenBudgetUITests.swift; sourceTree = "<group>"; };
		2FB91A8F2CA5200400DC2A1D /* SpokenBudgetUITestsLaunchTests.swift */ = {isa = PBXFileReference; lastKnownFileType = sourcecode.swift; path = SpokenBudgetUITestsLaunchTests.swift; sourceTree = "<group>"; };
/* End PBXFileReference section */

/* Begin PBXFrameworksBuildPhase section */
		2FB91A6C2CA5200300DC2A1D /* Frameworks */ = {
			isa = PBXFrameworksBuildPhase;
			buildActionMask = 2147483647;
			files = (
			);
			runOnlyForDeploymentPostprocessing = 0;
		};
		2FB91A7C2CA5200400DC2A1D /* Frameworks */ = {
			isa = PBXFrameworksBuildPhase;
			buildActionMask = 2147483647;
			files = (
			);
			runOnlyForDeploymentPostprocessing = 0;
		};
		2FB91A862CA5200400DC2A1D /* Frameworks */ = {
			isa = PBXFrameworksBuildPhase;
			buildActionMask = 2147483647;
			files = (
			);
			runOnlyForDeploymentPostprocessing = 0;
		};
/* End PBXFrameworksBuildPhase section */

/* Begin PBXGroup section */
		2FB91A662CA5200300DC2A1D = {
			isa = PBXGroup;
			children = (
				2FB91A712CA5200300DC2A1D /* SpokenBudget */,
				2FB91A822CA5200400DC2A1D /* SpokenBudgetTests */,
				2FB91A8C2CA5200400DC2A1D /* SpokenBudgetUITests */,
				2FB91A702CA5200300DC2A1D /* Products */,
			);
			sourceTree = "<group>";
		};
		2FB91A702CA5200300DC2A1D /* Products */ = {
			isa = PBXGroup;
			children = (
				2FB91A6F2CA5200300DC2A1D /* SpokenBudget.app */,
				2FB91A7F2CA5200400DC2A1D /* SpokenBudgetTests.xctest */,
				2FB91A892CA5200400DC2A1D /* SpokenBudgetUITests.xctest */,
			);
			name = Products;
			sourceTree = "<group>";
		};
		2FB91A712CA5200300DC2A1D /* SpokenBudget */ = {
			isa = PBXGroup;
			children = (
				2FB91A722CA5200300DC2A1D /* SpokenBudgetApp.swift */,
				2FB91A742CA5200300DC2A1D /* ContentView.swift */,
				2FB91A762CA5200400DC2A1D /* Assets.xcassets */,
				2FB91A782CA5200400DC2A1D /* Preview Content */,
			);
			path = SpokenBudget;
			sourceTree = "<group>";
		};
		2FB91A782CA5200400DC2A1D /* Preview Content */ = {
			isa = PBXGroup;
			children = (
				2FB91A792CA5200400DC2A1D /* Preview Assets.xcassets */,
			);
			path = "Preview Content";
			sourceTree = "<group>";
		};
		2FB91A822CA5200400DC2A1D /* SpokenBudgetTests */ = {
			isa = PBXGroup;
			children = (
				2FB91A832CA5200400DC2A1D /* SpokenBudgetTests.swift */,
			);
			path = SpokenBudgetTests;
			sourceTree = "<group>";
		};
		2FB91A8C2CA5200400DC2A1D /* SpokenBudgetUITests */ = {
			isa = PBXGroup;
			children = (
				2FB91A8D2CA5200400DC2A1D /* SpokenBudgetUITests.swift */,
				2FB91A8F2CA5200400DC2A1D /* SpokenBudgetUITestsLaunchTests.swift */,
			);
			path = SpokenBudgetUITests;
			sourceTree = "<group>";
		};
/* End PBXGroup section */

/* Begin PBXNativeTarget section */
		2FB91A6E2CA5200300DC2A1D /* SpokenBudget */ = {
			isa = PBXNativeTarget;
			buildConfigurationList = 2FB91A932CA5200400DC2A1D /* Build configuration list for PBXNativeTarget "SpokenBudget" */;
			buildPhases = (
				2FB91A6B2CA5200300DC2A1D /* Sources */,
				2FB91A6C2CA5200300DC2A1D /* Frameworks */,
				2FB91A6D2CA5200300DC2A1D /* Resources */,
			);
			buildRules = (
			);
			dependencies = (
			);
			name = SpokenBudget;
			productName = SpokenBudget;
			productReference = 2FB91A6F2CA5200300DC2A1D /* SpokenBudget.app */;
			productType = "com.apple.product-type.application";
		};
		2FB91A7E2CA5200400DC2A1D /* SpokenBudgetTests */ = {
			isa = PBXNativeTarget;
			buildConfigurationList = 2FB91A962CA5200400DC2A1D /* Build configuration list for PBXNativeTarget "SpokenBudgetTests" */;
			buildPhases = (
				2FB91A7B2CA5200400DC2A1D /* Sources */,
				2FB91A7C2CA5200400DC2A1D /* Frameworks */,
				2FB91A7D2CA5200400DC2A1D /* Resources */,
			);
			buildRules = (
			);
			dependencies = (
				2FB91A812CA5200400DC2A1D /* PBXTargetDependency */,
			);
			name = SpokenBudgetTests;
			productName = SpokenBudgetTests;
			productReference = 2FB91A7F2CA5200400DC2A1D /* SpokenBudgetTests.xctest */;
			productType = "com.apple.product-type.bundle.unit-test";
		};
		2FB91A882CA5200400DC2A1D /* SpokenBudgetUITests */ = {
			isa = PBXNativeTarget;
			buildConfigurationList = 2FB91A992CA5200400DC2A1D /* Build configuration list for PBXNativeTarget "SpokenBudgetUITests" */;
			buildPhases = (
				2FB91A852CA5200400DC2A1D /* Sources */,
				2FB91A862CA5200400DC2A1D /* Frameworks */,
				2FB91A872CA5200400DC2A1D /* Resources */,
			);
			buildRules = (
			);
			dependencies = (
				2FB91A8B2CA5200400DC2A1D /* PBXTargetDependency */,
			);
			name = SpokenBudgetUITests;
			productName = SpokenBudgetUITests;
			productReference = 2FB91A892CA5200400DC2A1D /* SpokenBudgetUITests.xctest */;
			productType = "com.apple.product-type.bundle.ui-testing";
		};
/* End PBXNativeTarget section */

/* Begin PBXProject section */
		2FB91A672CA5200300DC2A1D /* Project object */ = {
			isa = PBXProject;
			attributes = {
				BuildIndependentTargetsInParallel = 1;
				LastSwiftUpdateCheck = 1520;
				LastUpgradeCheck = 1520;
				TargetAttributes = {
					2FB91A6E2CA5200300DC2A1D = {
						CreatedOnToolsVersion = 15.2;
					};
					2FB91A7E2CA5200400DC2A1D = {
						CreatedOnToolsVersion = 15.2;
						TestTargetID = 2FB91A6E2CA5200300DC2A1D;
					};
					2FB91A882CA5200400DC2A1D = {
						CreatedOnToolsVersion = 15.2;
						TestTargetID = 2FB91A6E2CA5200300DC2A1D;
					};
				};
			};
			buildConfigurationList = 2FB91A6A2CA5200300DC2A1D /* Build configuration list for PBXProject "SpokenBudget" */;
			compatibilityVersion = "Xcode 14.0";
			developmentRegion = en;
			hasScannedForEncodings = 0;
			knownRegions = (
				en,
				Base,
			);
			mainGroup = 2FB91A662CA5200300DC2A1D;
			productRefGroup = 2FB91A702CA5200300DC2A1D /* Products */;
			projectDirPath = "";
			projectRoot = "";
			targets = (
				2FB91A6E2CA5200300DC2A1D /* SpokenBudget */,
				2FB91A7E2CA5200400DC2A1D /* SpokenBudgetTests */,
				2FB91A882CA5200400DC2A1D /* SpokenBudgetUITests */,
			);
		};
/* End PBXProject section */

/* Begin PBXResourcesBuildPhase section */
		2FB91A6D2CA5200300DC2A1D /* Resources */ = {
			isa = PBXResourcesBuildPhase;
			buildActionMask = 2147483647;
			files = (
				2FB91A7A2CA5200400DC2A1D /* Preview Assets.xcassets in Resources */,
				2FB91A772CA5200400DC2A1D /* Assets.xcassets in Resources */,
			);
			runOnlyForDeploymentPostprocessing = 0;
		};
		2FB91A7D2CA5200400DC2A1D /* Resources */ = {
			isa = PBXResourcesBuildPhase;
			buildActionMask = 2147483647;
			files = (
			);
			runOnlyForDeploymentPostprocessing = 0;
		};
		2FB91A872CA5200400DC2A1D /* Resources */ = {
			isa = PBXResourcesBuildPhase;
			buildActionMask = 2147483647;
			files = (
			);
			runOnlyForDeploymentPostprocessing = 0;
		};
/* End PBXResourcesBuildPhase section */

/* Begin PBXSourcesBuildPhase section */
		2FB91A6B2CA5200300DC2A1D /* Sources */ = {
			isa = PBXSourcesBuildPhase;
			buildActionMask = 2147483647;
			files = (
				2FB91A752CA5200300DC2A1D /* ContentView.swift in Sources */,
				2FB91A732CA5200300DC2A1D /* SpokenBudgetApp.swift in Sources */,
			);
			runOnlyForDeploymentPostprocessing = 0;
		};
		2FB91A7B2CA5200400DC2A1D /* Sources */ = {
			isa = PBXSourcesBuildPhase;
			buildActionMask = 2147483647;
			files = (
				2FB91A842CA5200400DC2A1D /* SpokenBudgetTests.swift in Sources */,
			);
			runOnlyForDeploymentPostprocessing = 0;
		};
		2FB91A852CA5200400DC2A1D /* Sources */ = {
			isa = PBXSourcesBuildPhase;
			buildActionMask = 2147483647;
			files = (
				2FB91A8E2CA5200400DC2A1D /* SpokenBudgetUITests.swift in Sources */,
				2FB91A902CA5200400DC2A1D /* SpokenBudgetUITestsLaunchTests.swift in Sources */,
			);
			runOnlyForDeploymentPostprocessing = 0;
		};
/* End PBXSourcesBuildPhase section */

/* Begin PBXTargetDependency section */
		2FB91A812CA5200400DC2A1D /* PBXTargetDependency */ = {
			isa = PBXTargetDependency;
			target = 2FB91A6E2CA5200300DC2A1D /* SpokenBudget */;
			targetProxy = 2FB91A802CA5200400DC2A1D /* PBXContainerItemProxy */;
		};
		2FB91A8B2CA5200400DC2A1D /* PBXTargetDependency */ = {
			isa = PBXTargetDependency;
			target = 2FB91A6E2CA5200300DC2A1D /* SpokenBudget */;
			targetProxy = 2FB91A8A2CA5200400DC2A1D /* PBXContainerItemProxy */;
		};
/* End PBXTargetDependency section */

/* Begin XCBuildConfiguration section */
		2FB91A912CA5200400DC2A1D /* Debug */ = {
			isa = XCBuildConfiguration;
			buildSettings = {
				ALWAYS_SEARCH_USER_PATHS = NO;
				ASSETCATALOG_COMPILER_GENERATE_SWIFT_ASSET_SYMBOL_EXTENSIONS = YES;
				CLANG_ANALYZER_NONNULL = YES;
				CLANG_ANALYZER_NUMBER_OBJECT_CONVERSION = YES_AGGRESSIVE;
				CLANG_CXX_LANGUAGE_STANDARD = "gnu++20";
				CLANG_ENABLE_MODULES = YES;
				CLANG_ENABLE_OBJC_ARC = YES;
				CLANG_ENABLE_OBJC_WEAK = YES;
				CLANG_WARN_BLOCK_CAPTURE_AUTORELEASING = YES;
				CLANG_WARN_BOOL_CONVERSION = YES;
				CLANG_WARN_COMMA = YES;
				CLANG_WARN_CONSTANT_CONVERSION = YES;
				CLANG_WARN_DEPRECATED_OBJC_IMPLEMENTATIONS = YES;
				CLANG_WARN_DIRECT_OBJC_ISA_USAGE = YES_ERROR;
				CLANG_WARN_DOCUMENTATION_COMMENTS = YES;
				CLANG_WARN_EMPTY_BODY = YES;
				CLANG_WARN_ENUM_CONVERSION = YES;
				CLANG_WARN_INFINITE_RECURSION = YES;
				CLANG_WARN_INT_CONVERSION = YES;
				CLANG_WARN_NON_LITERAL_NULL_CONVERSION = YES;
				CLANG_WARN_OBJC_IMPLICIT_RETAIN_SELF = YES;
				CLANG_WARN_OBJC_LITERAL_CONVERSION = YES;
				CLANG_WARN_OBJC_ROOT_CLASS = YES_ERROR;
				CLANG_WARN_QUOTED_INCLUDE_IN_FRAMEWORK_HEADER = YES;
				CLANG_WARN_RANGE_LOOP_ANALYSIS = YES;
				CLANG_WARN_STRICT_PROTOTYPES = YES;
				CLANG_WARN_SUSPICIOUS_MOVE = YES;
				CLANG_WARN_UNGUARDED_AVAILABILITY = YES_AGGRESSIVE;
				CLANG_WARN_UNREACHABLE_CODE = YES;
				CLANG_WARN__DUPLICATE_METHOD_MATCH = YES;
				COPY_PHASE_STRIP = NO;
				DEBUG_INFORMATION_FORMAT = dwarf;
				ENABLE_STRICT_OBJC_MSGSEND = YES;
				ENABLE_TESTABILITY = YES;
				ENABLE_USER_SCRIPT_SANDBOXING = YES;
				GCC_C_LANGUAGE_STANDARD = gnu17;
				GCC_DYNAMIC_NO_PIC = NO;
				GCC_NO_COMMON_BLOCKS = YES;
				GCC_OPTIMIZATION_LEVEL = 0;
				GCC_PREPROCESSOR_DEFINITIONS = (
					"DEBUG=1",
					"$(inherited)",
				);
				GCC_WARN_64_TO_32_BIT_CONVERSION = YES;
				GCC_WARN_ABOUT_RETURN_TYPE = YES_ERROR;
				GCC_WARN_UNDECLARED_SELECTOR = YES;
				GCC_WARN_UNINITIALIZED_AUTOS = YES_AGGRESSIVE;
				GCC_WARN_UNUSED_FUNCTION = YES;
				GCC_WARN_UNUSED_VARIABLE = YES;
				IPHONEOS_DEPLOYMENT_TARGET = 17.2;
				LOCALIZATION_PREFERS_STRING_CATALOGS = YES;
				MTL_ENABLE_DEBUG_INFO = INCLUDE_SOURCE;
				MTL_FAST_MATH = YES;
				ONLY_ACTIVE_ARCH = YES;
				SDKROOT = iphoneos;
				SWIFT_ACTIVE_COMPILATION_CONDITIONS = "DEBUG $(inherited)";
				SWIFT_OPTIMIZATION_LEVEL = "-Onone";
			};
			name = Debug;
		};
		2FB91A922CA5200400DC2A1D /* Release */ = {
			isa = XCBuildConfiguration;
			buildSettings = {
				ALWAYS_SEARCH_USER_PATHS = NO;
				ASSETCATALOG_COMPILER_GENERATE_SWIFT_ASSET_SYMBOL_EXTENSIONS = YES;
				CLANG_ANALYZER_NONNULL = YES;
				CLANG_ANALYZER_NUMBER_OBJECT_CONVERSION = YES_AGGRESSIVE;
				CLANG_CXX_LANGUAGE_STANDARD = "gnu++20";
				CLANG_ENABLE_MODULES = YES;
				CLANG_ENABLE_OBJC_ARC = YES;
				CLANG_ENABLE_OBJC_WEAK = YES;
				CLANG_WARN_BLOCK_CAPTURE_AUTORELEASING = YES;
				CLANG_WARN_BOOL_CONVERSION = YES;
				CLANG_WARN_COMMA = YES;
				CLANG_WARN_CONSTANT_CONVERSION = YES;
				CLANG_WARN_DEPRECATED_OBJC_IMPLEMENTATIONS = YES;
				CLANG_WARN_DIRECT_OBJC_ISA_USAGE = YES_ERROR;
				CLANG_WARN_DOCUMENTATION_COMMENTS = YES;
				CLANG_WARN_EMPTY_BODY = YES;
				CLANG_WARN_ENUM_CONVERSION = YES;
				CLANG_WARN_INFINITE_RECURSION = YES;
				CLANG_WARN_INT_CONVERSION = YES;
				CLANG_WARN_NON_LITERAL_NULL_CONVERSION = YES;
				CLANG_WARN_OBJC_IMPLICIT_RETAIN_SELF = YES;
				CLANG_WARN_OBJC_LITERAL_CONVERSION = YES;
				CLANG_WARN_OBJC_ROOT_CLASS = YES_ERROR;
				CLANG_WARN_QUOTED_INCLUDE_IN_FRAMEWORK_HEADER = YES;
				CLANG_WARN_RANGE_LOOP_ANALYSIS = YES;
				CLANG_WARN_STRICT_PROTOTYPES = YES;
				CLANG_WARN_SUSPICIOUS_MOVE = YES;
				CLANG_WARN_UNGUARDED_AVAILABILITY = YES_AGGRESSIVE;
				CLANG_WARN_UNREACHABLE_CODE = YES;
				CLANG_WARN__DUPLICATE_METHOD_MATCH = YES;
				COPY_PHASE_STRIP = NO;
				DEBUG_INFORMATION_FORMAT = "dwarf-with-dsym";
				ENABLE_NS_ASSERTIONS = NO;
				ENABLE_STRICT_OBJC_MSGSEND = YES;
				ENABLE_USER_SCRIPT_SANDBOXING = YES;
				GCC_C_LANGUAGE_STANDARD = gnu17;
				GCC_NO_COMMON_BLOCKS = YES;
				GCC_WARN_64_TO_32_BIT_CONVERSION = YES;
				GCC_WARN_ABOUT_RETURN_TYPE = YES_ERROR;
				GCC_WARN_UNDECLARED_SELECTOR = YES;
				GCC_WARN_UNINITIALIZED_AUTOS = YES_AGGRESSIVE;
				GCC_WARN_UNUSED_FUNCTION = YES;
				GCC_WARN_UNUSED_VARIABLE = YES;
				IPHONEOS_DEPLOYMENT_TARGET = 17.2;
				LOCALIZATION_PREFERS_STRING_CATALOGS = YES;
				MTL_ENABLE_DEBUG_INFO = NO;
				MTL_FAST_MATH = YES;
				SDKROOT = iphoneos;
				SWIFT_COMPILATION_MODE = wholemodule;
				VALIDATE_PRODUCT = YES;
			};
			name = Release;
		};
		2FB91A942CA5200400DC2A1D /* Debug */ = {
			isa = XCBuildConfiguration;
			buildSettings = {
				ASSETCATALOG_COMPILER_APPICON_NAME = AppIcon;
				ASSETCATALOG_COMPILER_GLOBAL_ACCENT_COLOR_NAME = AccentColor;
				CODE_SIGN_STYLE = Automatic;
				CURRENT_PROJECT_VERSION = 1;
				DEVELOPMENT_ASSET_PATHS = "\"SpokenBudget/Preview Content\"";
				ENABLE_PREVIEWS = YES;
				GENERATE_INFOPLIST_FILE = YES;
				INFOPLIST_KEY_UIApplicationSceneManifest_Generation = YES;
				INFOPLIST_KEY_UIApplicationSupportsIndirectInputEvents = YES;
				INFOPLIST_KEY_UILaunchScreen_Generation = YES;
				INFOPLIST_KEY_UISupportedInterfaceOrientations_iPad = "UIInterfaceOrientationPortrait UIInterfaceOrientationPortraitUpsideDown UIInterfaceOrientationLandscapeLeft UIInterfaceOrientationLandscapeRight";
				INFOPLIST_KEY_UISupportedInterfaceOrientations_iPhone = "UIInterfaceOrientationPortrait UIInterfaceOrientationLandscapeLeft UIInterfaceOrientationLandscapeRight";
				LD_RUNPATH_SEARCH_PATHS = (
					"$(inherited)",
					"@executable_path/Frameworks",
				);
				MARKETING_VERSION = 1.0;
				PRODUCT_BUNDLE_IDENTIFIER = spoorthiuk.SpokenBudget;
				PRODUCT_NAME = "$(TARGET_NAME)";
				SWIFT_EMIT_LOC_STRINGS = YES;
				SWIFT_VERSION = 5.0;
				TARGETED_DEVICE_FAMILY = "1,2";
			};
			name = Debug;
		};
		2FB91A952CA5200400DC2A1D /* Release */ = {
			isa = XCBuildConfiguration;
			buildSettings = {
				ASSETCATALOG_COMPILER_APPICON_NAME = AppIcon;
				ASSETCATALOG_COMPILER_GLOBAL_ACCENT_COLOR_NAME = AccentColor;
				CODE_SIGN_STYLE = Automatic;
				CURRENT_PROJECT_VERSION = 1;
				DEVELOPMENT_ASSET_PATHS = "\"SpokenBudget/Preview Content\"";
				ENABLE_PREVIEWS = YES;
				GENERATE_INFOPLIST_FILE = YES;
				INFOPLIST_KEY_UIApplicationSceneManifest_Generation = YES;
				INFOPLIST_KEY_UIApplicationSupportsIndirectInputEvents = YES;
				INFOPLIST_KEY_UILaunchScreen_Generation = YES;
				INFOPLIST_KEY_UISupportedInterfaceOrientations_iPad = "UIInterfaceOrientationPortrait UIInterfaceOrientationPortraitUpsideDown UIInterfaceOrientationLandscapeLeft UIInterfaceOrientationLandscapeRight";
				INFOPLIST_KEY_UISupportedInterfaceOrientations_iPhone = "UIInterfaceOrientationPortrait UIInterfaceOrientationLandscapeLeft UIInterfaceOrientationLandscapeRight";
				LD_RUNPATH_SEARCH_PATHS = (
					"$(inherited)",
					"@executable_path/Frameworks",
				);
				MARKETING_VERSION = 1.0;
				PRODUCT_BUNDLE_IDENTIFIER = spoorthiuk.SpokenBudget;
				PRODUCT_NAME = "$(TARGET_NAME)";
				SWIFT_EMIT_LOC_STRINGS = YES;
				SWIFT_VERSION = 5.0;
				TARGETED_DEVICE_FAMILY = "1,2";
			};
			name = Release;
		};
		2FB91A972CA5200400DC2A1D /* Debug */ = {
			isa = XCBuildConfiguration;
			buildSettings = {
				ALWAYS_EMBED_SWIFT_STANDARD_LIBRARIES = YES;
				BUNDLE_LOADER = "$(TEST_HOST)";
				CODE_SIGN_STYLE = Automatic;
				CURRENT_PROJECT_VERSION = 1;
				GENERATE_INFOPLIST_FILE = YES;
				IPHONEOS_DEPLOYMENT_TARGET = 17.2;
				MARKETING_VERSION = 1.0;
				PRODUCT_BUNDLE_IDENTIFIER = spoorthiuk.SpokenBudgetTests;
				PRODUCT_NAME = "$(TARGET_NAME)";
				SWIFT_EMIT_LOC_STRINGS = NO;
				SWIFT_VERSION = 5.0;
				TARGETED_DEVICE_FAMILY = "1,2";
				TEST_HOST = "$(BUILT_PRODUCTS_DIR)/SpokenBudget.app/$(BUNDLE_EXECUTABLE_FOLDER_PATH)/SpokenBudget";
			};
			name = Debug;
		};
		2FB91A982CA5200400DC2A1D /* Release */ = {
			isa = XCBuildConfiguration;
			buildSettings = {
				ALWAYS_EMBED_SWIFT_STANDARD_LIBRARIES = YES;
				BUNDLE_LOADER = "$(TEST_HOST)";
				CODE_SIGN_STYLE = Automatic;
				CURRENT_PROJECT_VERSION = 1;
				GENERATE_INFOPLIST_FILE = YES;
				IPHONEOS_DEPLOYMENT_TARGET = 17.2;
				MARKETING_VERSION = 1.0;
				PRODUCT_BUNDLE_IDENTIFIER = spoorthiuk.SpokenBudgetTests;
				PRODUCT_NAME = "$(TARGET_NAME)";
				SWIFT_EMIT_LOC_STRINGS = NO;
				SWIFT_VERSION = 5.0;
				TARGETED_DEVICE_FAMILY = "1,2";
				TEST_HOST = "$(BUILT_PRODUCTS_DIR)/SpokenBudget.app/$(BUNDLE_EXECUTABLE_FOLDER_PATH)/SpokenBudget";
			};
			name = Release;
		};
		2FB91A9A2CA5200400DC2A1D /* Debug */ = {
			isa = XCBuildConfiguration;
			buildSettings = {
				ALWAYS_EMBED_SWIFT_STANDARD_LIBRARIES = YES;
				CODE_SIGN_STYLE = Automatic;
				CURRENT_PROJECT_VERSION = 1;
				GENERATE_INFOPLIST_FILE = YES;
				MARKETING_VERSION = 1.0;
				PRODUCT_BUNDLE_IDENTIFIER = spoorthiuk.SpokenBudgetUITests;
				PRODUCT_NAME = "$(TARGET_NAME)";
				SWIFT_EMIT_LOC_STRINGS = NO;
				SWIFT_VERSION = 5.0;
				TARGETED_DEVICE_FAMILY = "1,2";
				TEST_TARGET_NAME = SpokenBudget;
			};
			name = Debug;
		};
		2FB91A9B2CA5200400DC2A1D /* Release */ = {
			isa = XCBuildConfiguration;
			buildSettings = {
				ALWAYS_EMBED_SWIFT_STANDARD_LIBRARIES = YES;
				CODE_SIGN_STYLE = Automatic;
				CURRENT_PROJECT_VERSION = 1;
				GENERATE_INFOPLIST_FILE = YES;
				MARKETING_VERSION = 1.0;
				PRODUCT_BUNDLE_IDENTIFIER = spoorthiuk.SpokenBudgetUITests;
				PRODUCT_NAME = "$(TARGET_NAME)";
				SWIFT_EMIT_LOC_STRINGS = NO;
				SWIFT_VERSION = 5.0;
				TARGETED_DEVICE_FAMILY = "1,2";
				TEST_TARGET_NAME = SpokenBudget;
			};
			name = Release;
		};
/* End XCBuildConfiguration section */

/* Begin XCConfigurationList section */
		2FB91A6A2CA5200300DC2A1D /* Build configuration list for PBXProject "SpokenBudget" */ = {
			isa = XCConfigurationList;
			buildConfigurations = (
				2FB91A912CA5200400DC2A1D /* Debug */,
				2FB91A922CA5200400DC2A1D /* Release */,
			);
			defaultConfigurationIsVisible = 0;
			defaultConfigurationName = Release;
		};
		2FB91A932CA5200400DC2A1D /* Build configuration list for PBXNativeTarget "SpokenBudget" */ = {
			isa = XCConfigurationList;
			buildConfigurations = (
				2FB91A942CA5200400DC2A1D /* Debug */,
				2FB91A952CA5200400DC2A1D /* Release */,
			);
			defaultConfigurationIsVisible = 0;
			defaultConfigurationName = Release;
		};
		2FB91A962CA5200400DC2A1D /* Build configuration list for PBXNativeTarget "SpokenBudgetTests" */ = {
			isa = XCConfigurationList;
			buildConfigurations = (
				2FB91A972CA5200400DC2A1D /* Debug */,
				2FB91A982CA5200400DC2A1D /* Release */,
			);
			defaultConfigurationIsVisible = 0;
			defaultConfigurationName = Release;
		};
		2FB91A992CA5200400DC2A1D /* Build configuration list for PBXNativeTarget "SpokenBudgetUITests" */ = {
			isa = XCConfigurationList;
			buildConfigurations = (
				2FB91A9A2CA5200400DC2A1D /* Debug */,
				2FB91A9B2CA5200400DC2A1D /* Release */,
			);
			defaultConfigurationIsVisible = 0;
			defaultConfigurationName = Release;
		};
/* End XCConfigurationList section */
	};
	rootObject = 2FB91A672CA5200300DC2A1D /* Project object */;
}
